lockfileVersion: '9.0'

settings:
  autoInstallPeers: true
  excludeLinksFromLockfile: false

importers:

  .:
    dependencies:
      '@modelcontextprotocol/client':
        specifier: 2.2.0
        version: 2.2.0
      '@modelcontextprotocol/node':
        specifier: 2.1.0
        version: 2.1.0(@modelcontextprotocol/server@2.2.0)(hono@4.13.10)
      '@modelcontextprotocol/server':
        specifier: 2.2.0
        version: 2.2.0

packages:

  '@hono/node-server@1.19.17':
    resolution: {integrity: sha512-dSneS5qhiauZWGDCeK4o695Xd9nUNjviSZCMQrj10eetr8Uln1ucn6bbphOM6UynAMMtNIzZNSpL9vnASJwrPQ==}
    engines: {node: '>=18.14.1'}
    peerDependencies:
      hono: ^4

  '@modelcontextprotocol/client@2.2.0':
    resolution: {integrity: sha512-LxCou/CSYQ6dwEnjhLZY0KnEuc8V4UJ3IEQCl/uR2yHobSQIEdJKUlKLRYRF5i5FqRGHy1eK7une3aAWDHLtig==}
    engines: {node: '>=20'}

  '@modelcontextprotocol/core@2.2.0':
    resolution: {integrity: sha512-iLhmprRmWI8EcosOA3wVvww22z02NkgqhV4fBH6f/odQBsi7xnJc0HGmi21yWO+/iKw2yzqVE127Zhna5/+JXw==}
    engines: {node: '>=20'}

  '@modelcontextprotocol/node@2.1.0':
    resolution: {integrity: sha512-6xg3iWVcOfiL8Y7rI6xUqXD0lI2AY5q3djsa/cOi1IJUSwx06t0gvhSwU/6mIIohrFlt40/ANUG56DQ0HLhILQ==}
    engines: {node: '>=20'}
    peerDependencies:
      '@modelcontextprotocol/server': ^2.1.0
      hono: ^4.11.4
    peerDependenciesMeta:
      hono:
        optional: true

  '@modelcontextprotocol/server@2.2.0':
    resolution: {integrity: sha512-qFnltjus6Gk8Lx6J1w2RXmr3YPN22MNT6qD6zjAkaiWIlFIFxWClz0rXHNuJF/KSUyn5YGhkSvXkWDbQHVLFEQ==}
    engines: {node: '>=20'}

  cross-spawn@7.0.6:
    resolution: {integrity: sha512-uV2QOWP2nWzsy2aMp8aRibhi9dlzF5Hgh5SHaB9OiTGEyDTiJJyx0uy51QXdyWbtAHNua4XJzUKca3OzKUd3vA==}
    engines: {node: '>= 8'}

  eventsource-parser@3.1.1:
    resolution: {integrity: sha512-EKN1vKAMcZ8MlYMpaNuxN6R9yakzH6uajHcHVTqWJzvu5pWw9DyhbP35HH8MVBQ+dZjAfDxk+A8NiR9KWaXiyQ==}
    engines: {node: '>=18.0.0'}

  eventsource@3.0.7:
    resolution: {integrity: sha512-CRT1WTyuQoD771GW56XEZFQ/ZoSfWid1alKGDYMmkt2yl8UXrVR4pspqWNEcqKvVIzg6PAltWjxcSSPrboA4iA==}
    engines: {node: '>=18.0.0'}

  hono@4.13.10:
    resolution: {integrity: sha512-dQuLsa5oO+47QVMVMaaD9cIv8ctmVtK1iRvwWngkfloFJMeFeuoUFDswIqZGxmGX3hrRzREgEArjkK9OgsQEhA==}
    engines: {node: '>=16.9.0'}

  isexe@2.0.0:
    resolution: {integrity: sha512-RHxMLp9lnKHGHRng9QFhRCMbYAcVpn69smSGcq3f36xjgVVWThj4qqLbTLlq7Ssj8B+fIQ1EuCEGI2lKsyQeIw==}

  jose@6.2.12:
    resolution: {integrity: sha512-9NiFmJEex0sy2Dk58j2UGBSHgUs2ypF9eZSu4L6vjOX3Dp96Sw1F3uL+H+D1sx02jZZdzUT0HgvCy59CuvXcWw==}

  path-key@3.1.1:
    resolution: {integrity: sha512-ojmeN0qd+y0jszEtoY48r0Peq5dwMEkIlCOu6Q5f41lfkswXuKtYrhgoTpLnyIcHm24Uhqx+5Tqm2InSwLhE6Q==}
    engines: {node: '>=8'}

  pkce-challenge@5.0.1:
    resolution: {integrity: sha512-wQ0b/W4Fr01qtpHlqSqspcj3EhBvimsdh0KlHhH8HRZnMsEa0ea2fTULOXOS9ccQr3om+GcGRk4e+isrZWV8qQ==}
    engines: {node: '>=16.20.0'}

  shebang-command@2.0.0:
    resolution: {integrity: sha512-kHxr2zZpYtdmrN1qDjrrX/Z1rR1kG8Dx+gkpK1G4eXmvXswmcE1hTWBWYUzlraYw1/yZp6YuDY77YtvbN0dmDA==}
    engines: {node: '>=8'}

  shebang-regex@3.0.0:
    resolution: {integrity: sha512-7++dFhtcx3353uBaq8DDR4NuxBetBzC7ZQOhmTQInHEd6bSrXdiEyzCvG07Z44UYdLShWUyXt5M/yhz8ekcb1A==}
    engines: {node: '>=8'}

  which@2.0.2:
    resolution: {integrity: sha512-BLI3Tl1TW3Pvl70l3yq3Y64i+awpwXqsGBYWkkqMtnbXgrMD+yj7rhW0kuEDxzJaYXGjEW5ogapKNMEKNMjibA==}
    engines: {node: '>= 8'}
    hasBin: true

  zod@4.6.5:
    resolution: {integrity: sha512-v5l/aFXZQeai4awLbOpSoHecE9UiMrnfx75tEXLjNonXVARxQ5mOeipTjROUchszUNCqnE+hqAMujRsRHsut2Q==}

snapshots:

  '@hono/node-server@1.19.17(hono@4.13.10)':
    dependencies:
      hono: 4.13.10

  '@modelcontextprotocol/client@2.2.0':
    dependencies:
      '@modelcontextprotocol/core': 2.2.0
      cross-spawn: 7.0.6
      eventsource: 3.0.7
      eventsource-parser: 3.1.1
      jose: 6.2.12
      pkce-challenge: 5.0.1
      zod: 4.6.5

  '@modelcontextprotocol/core@2.2.0':
    dependencies:
      zod: 4.6.5

  '@modelcontextprotocol/node@2.1.0(@modelcontextprotocol/server@2.2.0)(hono@4.13.10)':
    dependencies:
      '@hono/node-server': 1.19.17(hono@4.13.10)
      '@modelcontextprotocol/server': 2.2.0
    optionalDependencies:
      hono: 4.13.10

  '@modelcontextprotocol/server@2.2.0':
    dependencies:
      '@modelcontextprotocol/core': 2.2.0
      zod: 4.6.5

  cross-spawn@7.0.6:
    dependencies:
      path-key: 3.1.1
      shebang-command: 2.0.0
      which: 2.0.2

  eventsource-parser@3.1.1: {}

  eventsource@3.0.7:
    dependencies:
      eventsource-parser: 3.1.1

  hono@4.13.10: {}

  isexe@2.0.0: {}

  jose@6.2.12: {}

  path-key@3.1.1: {}

  pkce-challenge@5.0.1: {}

  shebang-command@2.0.0:
    dependencies:
      shebang-regex: 3.0.0

  shebang-regex@3.0.0: {}

  which@2.0.2:
    dependencies:
      isexe: 2.0.0

  zod@4.6.5: {}
